Microsoft Visual Studio Solution File, Format Version 12.00
# Visual Studio Version 17
VisualStudioVersion = 17.7.33808.371
MinimumVisualStudioVersion = 10.0.40219.1
Project("{2150E333-8FDC-42A3-9474-1A3956D46DE8}") = "Solution Items", "Solution Items", "{32DEDBD9-D023-46F8-92B6-3BFD35391C53}"
	ProjectSection(SolutionItems) = preProject
		.editorconfig = .editorconfig
		.gitattributes = .gitattributes
		.gitignore = .gitignore
		azure-pipelines.yml = azure-pipelines.yml
		Directory.Build.props = Directory.Build.props
		LICENSE.txt = LICENSE.txt
		README.md = README.md
	EndProjectSection
EndProject
Project("{2150E333-8FDC-42A3-9474-1A3956D46DE8}") = "Documents", "Documents", "{99887060-EDCB-4CF3-9A55-75048CA24070}"
	ProjectSection(SolutionItems) = preProject
		Documents\.order = Documents\.order
		Documents\Contacts.md = Documents\Contacts.md
		Documents\Introduction.md = Documents\Introduction.md
	EndProjectSection
EndProject
Project("{2150E333-8FDC-42A3-9474-1A3956D46DE8}") = "Media", "Media", "{142CAE45-C57B-4D02-A222-FA96C6B554AB}"
EndProject
Project("{2150E333-8FDC-42A3-9474-1A3956D46DE8}") = "Graphs", "Graphs", "{C6E63041-422A-45AF-804E-9D2F5B6EFFB5}"
	ProjectSection(SolutionItems) = preProject
		Media\Graphs\Reference graph.dgml = Media\Graphs\Reference graph.dgml
	EndProjectSection
EndProject
Project("{2150E333-8FDC-42A3-9474-1A3956D46DE8}") = "Source", "Source", "{9D79FAB5-44FD-46E4-8ABE-3C3F99352369}"
EndProject
Project("{2150E333-8FDC-42A3-9474-1A3956D46DE8}") = "Containerization", "Containerization", "{FD552E17-EE98-4ABD-A201-BB91EAEA368E}"
EndProject
Project("{2150E333-8FDC-42A3-9474-1A3956D46DE8}") = "Docker", "Docker", "{2AE649BC-C5D8-4034-807F-002A4F7F5FF1}"
EndProject
Project("{E53339B2-1760-4266-BCC7-CA923CBCF16C}") = "Paradise.Docker", "Source\Containerization\Docker\Paradise.Docker.dcproj", "{6A6FAC84-B8AA-449B-81BD-7B315DD3C099}"
	ProjectSection(ProjectDependencies) = postProject
		{5E1546CA-4251-4D6F-A7F8-971D5A3F478C} = {5E1546CA-4251-4D6F-A7F8-971D5A3F478C}
		{8BB02446-FDD9-454E-9D7B-28B3FDAD6E6E} = {8BB02446-FDD9-454E-9D7B-28B3FDAD6E6E}
	EndProjectSection
EndProject
Project("{2150E333-8FDC-42A3-9474-1A3956D46DE8}") = "Code", "Code", "{BB1AA328-5ED7-4B51-ADB4-363B3BBDDAE9}"
EndProject
Project("{2150E333-8FDC-42A3-9474-1A3956D46DE8}") = "Core", "Core", "{8FF2AD5A-1637-470E-BA82-7E42604C3306}"
EndProject
Project("{9A19103F-16F7-4668-BE54-9A1E7A4F7556}") = "Paradise.ApplicationLogic", "Source\Code\Core\Paradise.ApplicationLogic\Paradise.ApplicationLogic.csproj", "{79A601F5-7434-4535-9B7E-5E054F7E840B}"
EndProject
Project("{9A19103F-16F7-4668-BE54-9A1E7A4F7556}") = "Paradise.ApplicationLogic.Domain", "Source\Code\Core\Paradise.ApplicationLogic.Domain\Paradise.ApplicationLogic.Domain.csproj", "{9F2703D4-F6BF-48E3-BAD5-5C64CB268DC4}"
EndProject
Project("{9A19103F-16F7-4668-BE54-9A1E7A4F7556}") = "Paradise.DataAccess", "Source\Code\Core\Paradise.DataAccess\Paradise.DataAccess.csproj", "{E06E0DDA-E0A9-4DDA-B76D-8511151D787F}"
EndProject
Project("{9A19103F-16F7-4668-BE54-9A1E7A4F7556}") = "Paradise.DataAccess.Seed", "Source\Code\Core\Paradise.DataAccess.Seed\Paradise.DataAccess.Seed.csproj", "{3944B079-9961-4F12-A197-95B412D77420}"
EndProject
Project("{9A19103F-16F7-4668-BE54-9A1E7A4F7556}") = "Paradise.DependencyInjection", "Source\Code\Core\Paradise.DependencyInjection\Paradise.DependencyInjection.csproj", "{688C5F82-BC62-449E-9107-AB1CF577E22C}"
EndProject
Project("{9A19103F-16F7-4668-BE54-9A1E7A4F7556}") = "Paradise.Domain", "Source\Code\Core\Paradise.Domain\Paradise.Domain.csproj", "{28345252-6930-45CA-8306-9F73B5BEDCD3}"
EndProject
Project("{9A19103F-16F7-4668-BE54-9A1E7A4F7556}") = "Paradise.Domain.Base", "Source\Code\Core\Paradise.Domain.Base\Paradise.Domain.Base.csproj", "{8C906AE5-AC7F-4B93-9618-5E580E3A38BE}"
EndProject
Project("{9A19103F-16F7-4668-BE54-9A1E7A4F7556}") = "Paradise.Options", "Source\Code\Core\Paradise.Options\Paradise.Options.csproj", "{B8ABE8DB-34C3-4137-8C4E-1773866257F6}"
EndProject
Project("{2150E333-8FDC-42A3-9474-1A3956D46DE8}") = "Intermediate", "Intermediate", "{8707409C-BA5B-4528-BFB0-24D4CE293A34}"
EndProject
Project("{9A19103F-16F7-4668-BE54-9A1E7A4F7556}") = "Paradise.WebApi.Client", "Source\Code\Intermediate\Paradise.WebApi.Client\Paradise.WebApi.Client.csproj", "{8AC6F76D-302D-4C6E-8442-FEA2E56AB330}"
EndProject
Project("{2150E333-8FDC-42A3-9474-1A3956D46DE8}") = "Shared", "Shared", "{8170C8FD-A014-42D9-9D15-077790D2FF71}"
EndProject
Project("{9A19103F-16F7-4668-BE54-9A1E7A4F7556}") = "Paradise.Common", "Source\Code\Shared\Paradise.Common\Paradise.Common.csproj", "{89185478-A1A0-4D67-A445-2F521814ACD6}"
EndProject
Project("{9A19103F-16F7-4668-BE54-9A1E7A4F7556}") = "Paradise.Localization", "Source\Code\Shared\Paradise.Localization\Paradise.Localization.csproj", "{693E193F-C0EE-4EAB-BDDC-FAE5C9383807}"
EndProject
Project("{9A19103F-16F7-4668-BE54-9A1E7A4F7556}") = "Paradise.Models", "Source\Code\Shared\Paradise.Models\Paradise.Models.csproj", "{904589B0-7CAA-4C7E-A6E0-BC6EC71771CA}"
EndProject
Project("{2150E333-8FDC-42A3-9474-1A3956D46DE8}") = "Web", "Web", "{AB0907B9-9A29-4CA3-948E-476595A066EE}"
EndProject
Project("{9A19103F-16F7-4668-BE54-9A1E7A4F7556}") = "Paradise.Maintenance", "Source\Code\Web\Paradise.Maintenance\Paradise.Maintenance.csproj", "{5E1546CA-4251-4D6F-A7F8-971D5A3F478C}"
EndProject
Project("{9A19103F-16F7-4668-BE54-9A1E7A4F7556}") = "Paradise.WebApi", "Source\Code\Web\Paradise.WebApi\Paradise.WebApi.csproj", "{8BB02446-FDD9-454E-9D7B-28B3FDAD6E6E}"
EndProject
Project("{2150E333-8FDC-42A3-9474-1A3956D46DE8}") = "Tests", "Tests", "{50944AF6-04DB-4395-9118-51E950E23BBF}"
EndProject
Project("{2150E333-8FDC-42A3-9474-1A3956D46DE8}") = "Core", "Core", "{7387883C-77C0-498F-9221-F6D33B5C949A}"
EndProject
Project("{9A19103F-16F7-4668-BE54-9A1E7A4F7556}") = "Paradise.ApplicationLogic.Domain.Tests", "Source\Tests\Core\Paradise.ApplicationLogic.Domain.Tests\Paradise.ApplicationLogic.Domain.Tests.csproj", "{6F09867F-A2CC-41F3-A522-631D9AA82913}"
EndProject
Project("{9A19103F-16F7-4668-BE54-9A1E7A4F7556}") = "Paradise.ApplicationLogic.Tests", "Source\Tests\Core\Paradise.ApplicationLogic.Tests\Paradise.ApplicationLogic.Tests.csproj", "{CB6CA8AD-B933-495B-B0B8-BC4F52E6ABF3}"
EndProject
Project("{9A19103F-16F7-4668-BE54-9A1E7A4F7556}") = "Paradise.DataAccess.Seed.Tests", "Source\Tests\Core\Paradise.DataAccess.Seed.Tests\Paradise.DataAccess.Seed.Tests.csproj", "{D884F812-F12B-432E-BB6C-31633BE4922C}"
EndProject
Project("{9A19103F-16F7-4668-BE54-9A1E7A4F7556}") = "Paradise.DataAccess.Tests", "Source\Tests\Core\Paradise.DataAccess.Tests\Paradise.DataAccess.Tests.csproj", "{B59F4D0C-D804-4068-98AB-055172D308D6}"
EndProject
Project("{9A19103F-16F7-4668-BE54-9A1E7A4F7556}") = "Paradise.Domain.Base.Tests", "Source\Tests\Core\Paradise.Domain.Base.Tests\Paradise.Domain.Base.Tests.csproj", "{09B58295-117F-49AA-805E-9A8F38A90055}"
EndProject
Project("{9A19103F-16F7-4668-BE54-9A1E7A4F7556}") = "Paradise.Domain.Tests", "Source\Tests\Core\Paradise.Domain.Tests\Paradise.Domain.Tests.csproj", "{E386FFF6-3695-4FCE-9741-0FC112F39CC6}"
EndProject
Project("{2150E333-8FDC-42A3-9474-1A3956D46DE8}") = "Supplemental", "Supplemental", "{BF367AFF-4175-493B-86EF-761BD24951B2}"
EndProject
Project("{9A19103F-16F7-4668-BE54-9A1E7A4F7556}") = "Paradise.Tests.Miscellaneous", "Source\Tests\Supplemental\Paradise.Tests.Miscellaneous\Paradise.Tests.Miscellaneous.csproj", "{96E13266-9E0C-415A-B132-76C6B1208FF4}"
EndProject
Global
	GlobalSection(SolutionConfigurationPlatforms) = preSolution
		Debug|Any CPU = Debug|Any CPU
		Release|Any CPU = Release|Any CPU
	EndGlobalSection
	GlobalSection(ProjectConfigurationPlatforms) = postSolution
		{6A6FAC84-B8AA-449B-81BD-7B315DD3C099}.Debug|Any CPU.ActiveCfg = Debug|Any CPU
		{6A6FAC84-B8AA-449B-81BD-7B315DD3C099}.Debug|Any CPU.Build.0 = Debug|Any CPU
		{6A6FAC84-B8AA-449B-81BD-7B315DD3C099}.Release|Any CPU.ActiveCfg = Release|Any CPU
		{6A6FAC84-B8AA-449B-81BD-7B315DD3C099}.Release|Any CPU.Build.0 = Release|Any CPU
		{79A601F5-7434-4535-9B7E-5E054F7E840B}.Debug|Any CPU.ActiveCfg = Debug|Any CPU
		{79A601F5-7434-4535-9B7E-5E054F7E840B}.Debug|Any CPU.Build.0 = Debug|Any CPU
		{79A601F5-7434-4535-9B7E-5E054F7E840B}.Release|Any CPU.ActiveCfg = Release|Any CPU
		{79A601F5-7434-4535-9B7E-5E054F7E840B}.Release|Any CPU.Build.0 = Release|Any CPU
		{9F2703D4-F6BF-48E3-BAD5-5C64CB268DC4}.Debug|Any CPU.ActiveCfg = Debug|Any CPU
		{9F2703D4-F6BF-48E3-BAD5-5C64CB268DC4}.Debug|Any CPU.Build.0 = Debug|Any CPU
		{9F2703D4-F6BF-48E3-BAD5-5C64CB268DC4}.Release|Any CPU.ActiveCfg = Release|Any CPU
		{9F2703D4-F6BF-48E3-BAD5-5C64CB268DC4}.Release|Any CPU.Build.0 = Release|Any CPU
		{E06E0DDA-E0A9-4DDA-B76D-8511151D787F}.Debug|Any CPU.ActiveCfg = Debug|Any CPU
		{E06E0DDA-E0A9-4DDA-B76D-8511151D787F}.Debug|Any CPU.Build.0 = Debug|Any CPU
		{E06E0DDA-E0A9-4DDA-B76D-8511151D787F}.Release|Any CPU.ActiveCfg = Release|Any CPU
		{E06E0DDA-E0A9-4DDA-B76D-8511151D787F}.Release|Any CPU.Build.0 = Release|Any CPU
		{3944B079-9961-4F12-A197-95B412D77420}.Debug|Any CPU.ActiveCfg = Debug|Any CPU
		{3944B079-9961-4F12-A197-95B412D77420}.Debug|Any CPU.Build.0 = Debug|Any CPU
		{3944B079-9961-4F12-A197-95B412D77420}.Release|Any CPU.ActiveCfg = Release|Any CPU
		{3944B079-9961-4F12-A197-95B412D77420}.Release|Any CPU.Build.0 = Release|Any CPU
		{688C5F82-BC62-449E-9107-AB1CF577E22C}.Debug|Any CPU.ActiveCfg = Debug|Any CPU
		{688C5F82-BC62-449E-9107-AB1CF577E22C}.Debug|Any CPU.Build.0 = Debug|Any CPU
		{688C5F82-BC62-449E-9107-AB1CF577E22C}.Release|Any CPU.ActiveCfg = Release|Any CPU
		{688C5F82-BC62-449E-9107-AB1CF577E22C}.Release|Any CPU.Build.0 = Release|Any CPU
		{28345252-6930-45CA-8306-9F73B5BEDCD3}.Debug|Any CPU.ActiveCfg = Debug|Any CPU
		{28345252-6930-45CA-8306-9F73B5BEDCD3}.Debug|Any CPU.Build.0 = Debug|Any CPU
		{28345252-6930-45CA-8306-9F73B5BEDCD3}.Release|Any CPU.ActiveCfg = Release|Any CPU
		{28345252-6930-45CA-8306-9F73B5BEDCD3}.Release|Any CPU.Build.0 = Release|Any CPU
		{8C906AE5-AC7F-4B93-9618-5E580E3A38BE}.Debug|Any CPU.ActiveCfg = Debug|Any CPU
		{8C906AE5-AC7F-4B93-9618-5E580E3A38BE}.Debug|Any CPU.Build.0 = Debug|Any CPU
		{8C906AE5-AC7F-4B93-9618-5E580E3A38BE}.Release|Any CPU.ActiveCfg = Release|Any CPU
		{8C906AE5-AC7F-4B93-9618-5E580E3A38BE}.Release|Any CPU.Build.0 = Release|Any CPU
		{B8ABE8DB-34C3-4137-8C4E-1773866257F6}.Debug|Any CPU.ActiveCfg = Debug|Any CPU
		{B8ABE8DB-34C3-4137-8C4E-1773866257F6}.Debug|Any CPU.Build.0 = Debug|Any CPU
		{B8ABE8DB-34C3-4137-8C4E-1773866257F6}.Release|Any CPU.ActiveCfg = Release|Any CPU
		{B8ABE8DB-34C3-4137-8C4E-1773866257F6}.Release|Any CPU.Build.0 = Release|Any CPU
		{8AC6F76D-302D-4C6E-8442-FEA2E56AB330}.Debug|Any CPU.ActiveCfg = Debug|Any CPU
		{8AC6F76D-302D-4C6E-8442-FEA2E56AB330}.Debug|Any CPU.Build.0 = Debug|Any CPU
		{8AC6F76D-302D-4C6E-8442-FEA2E56AB330}.Release|Any CPU.ActiveCfg = Release|Any CPU
		{8AC6F76D-302D-4C6E-8442-FEA2E56AB330}.Release|Any CPU.Build.0 = Release|Any CPU
		{89185478-A1A0-4D67-A445-2F521814ACD6}.Debug|Any CPU.ActiveCfg = Debug|Any CPU
		{89185478-A1A0-4D67-A445-2F521814ACD6}.Debug|Any CPU.Build.0 = Debug|Any CPU
		{89185478-A1A0-4D67-A445-2F521814ACD6}.Release|Any CPU.ActiveCfg = Release|Any CPU
		{89185478-A1A0-4D67-A445-2F521814ACD6}.Release|Any CPU.Build.0 = Release|Any CPU
		{693E193F-C0EE-4EAB-BDDC-FAE5C9383807}.Debug|Any CPU.ActiveCfg = Debug|Any CPU
		{693E193F-C0EE-4EAB-BDDC-FAE5C9383807}.Debug|Any CPU.Build.0 = Debug|Any CPU
		{693E193F-C0EE-4EAB-BDDC-FAE5C9383807}.Release|Any CPU.ActiveCfg = Release|Any CPU
		{693E193F-C0EE-4EAB-BDDC-FAE5C9383807}.Release|Any CPU.Build.0 = Release|Any CPU
		{904589B0-7CAA-4C7E-A6E0-BC6EC71771CA}.Debug|Any CPU.ActiveCfg = Debug|Any CPU
		{904589B0-7CAA-4C7E-A6E0-BC6EC71771CA}.Debug|Any CPU.Build.0 = Debug|Any CPU
		{904589B0-7CAA-4C7E-A6E0-BC6EC71771CA}.Release|Any CPU.ActiveCfg = Release|Any CPU
		{904589B0-7CAA-4C7E-A6E0-BC6EC71771CA}.Release|Any CPU.Build.0 = Release|Any CPU
		{5E1546CA-4251-4D6F-A7F8-971D5A3F478C}.Debug|Any CPU.ActiveCfg = Debug|Any CPU
		{5E1546CA-4251-4D6F-A7F8-971D5A3F478C}.Debug|Any CPU.Build.0 = Debug|Any CPU
		{5E1546CA-4251-4D6F-A7F8-971D5A3F478C}.Release|Any CPU.ActiveCfg = Release|Any CPU
		{5E1546CA-4251-4D6F-A7F8-971D5A3F478C}.Release|Any CPU.Build.0 = Release|Any CPU
		{8BB02446-FDD9-454E-9D7B-28B3FDAD6E6E}.Debug|Any CPU.ActiveCfg = Debug|Any CPU
		{8BB02446-FDD9-454E-9D7B-28B3FDAD6E6E}.Debug|Any CPU.Build.0 = Debug|Any CPU
		{8BB02446-FDD9-454E-9D7B-28B3FDAD6E6E}.Release|Any CPU.ActiveCfg = Release|Any CPU
		{8BB02446-FDD9-454E-9D7B-28B3FDAD6E6E}.Release|Any CPU.Build.0 = Release|Any CPU
		{6F09867F-A2CC-41F3-A522-631D9AA82913}.Debug|Any CPU.ActiveCfg = Debug|Any CPU
		{6F09867F-A2CC-41F3-A522-631D9AA82913}.Debug|Any CPU.Build.0 = Debug|Any CPU
		{6F09867F-A2CC-41F3-A522-631D9AA82913}.Release|Any CPU.ActiveCfg = Release|Any CPU
		{6F09867F-A2CC-41F3-A522-631D9AA82913}.Release|Any CPU.Build.0 = Release|Any CPU
		{CB6CA8AD-B933-495B-B0B8-BC4F52E6ABF3}.Debug|Any CPU.ActiveCfg = Debug|Any CPU
		{CB6CA8AD-B933-495B-B0B8-BC4F52E6ABF3}.Debug|Any CPU.Build.0 = Debug|Any CPU
		{CB6CA8AD-B933-495B-B0B8-BC4F52E6ABF3}.Release|Any CPU.ActiveCfg = Release|Any CPU
		{CB6CA8AD-B933-495B-B0B8-BC4F52E6ABF3}.Release|Any CPU.Build.0 = Release|Any CPU
		{D884F812-F12B-432E-BB6C-31633BE4922C}.Debug|Any CPU.ActiveCfg = Debug|Any CPU
		{D884F812-F12B-432E-BB6C-31633BE4922C}.Debug|Any CPU.Build.0 = Debug|Any CPU
		{D884F812-F12B-432E-BB6C-31633BE4922C}.Release|Any CPU.ActiveCfg = Release|Any CPU
		{D884F812-F12B-432E-BB6C-31633BE4922C}.Release|Any CPU.Build.0 = Release|Any CPU
		{B59F4D0C-D804-4068-98AB-055172D308D6}.Debug|Any CPU.ActiveCfg = Debug|Any CPU
		{B59F4D0C-D804-4068-98AB-055172D308D6}.Debug|Any CPU.Build.0 = Debug|Any CPU
		{B59F4D0C-D804-4068-98AB-055172D308D6}.Release|Any CPU.ActiveCfg = Release|Any CPU
		{B59F4D0C-D804-4068-98AB-055172D308D6}.Release|Any CPU.Build.0 = Release|Any CPU
		{09B58295-117F-49AA-805E-9A8F38A90055}.Debug|Any CPU.ActiveCfg = Debug|Any CPU
		{09B58295-117F-49AA-805E-9A8F38A90055}.Debug|Any CPU.Build.0 = Debug|Any CPU
		{09B58295-117F-49AA-805E-9A8F38A90055}.Release|Any CPU.ActiveCfg = Release|Any CPU
		{09B58295-117F-49AA-805E-9A8F38A90055}.Release|Any CPU.Build.0 = Release|Any CPU
		{E386FFF6-3695-4FCE-9741-0FC112F39CC6}.Debug|Any CPU.ActiveCfg = Debug|Any CPU
		{E386FFF6-3695-4FCE-9741-0FC112F39CC6}.Debug|Any CPU.Build.0 = Debug|Any CPU
		{E386FFF6-3695-4FCE-9741-0FC112F39CC6}.Release|Any CPU.ActiveCfg = Release|Any CPU
		{E386FFF6-3695-4FCE-9741-0FC112F39CC6}.Release|Any CPU.Build.0 = Release|Any CPU
		{96E13266-9E0C-415A-B132-76C6B1208FF4}.Debug|Any CPU.ActiveCfg = Debug|Any CPU
		{96E13266-9E0C-415A-B132-76C6B1208FF4}.Debug|Any CPU.Build.0 = Debug|Any CPU
		{96E13266-9E0C-415A-B132-76C6B1208FF4}.Release|Any CPU.ActiveCfg = Release|Any CPU
		{96E13266-9E0C-415A-B132-76C6B1208FF4}.Release|Any CPU.Build.0 = Release|Any CPU
	EndGlobalSection
	GlobalSection(SolutionProperties) = preSolution
		HideSolutionNode = FALSE
	EndGlobalSection
	GlobalSection(NestedProjects) = preSolution
		{99887060-EDCB-4CF3-9A55-75048CA24070} = {32DEDBD9-D023-46F8-92B6-3BFD35391C53}
		{142CAE45-C57B-4D02-A222-FA96C6B554AB} = {32DEDBD9-D023-46F8-92B6-3BFD35391C53}
		{C6E63041-422A-45AF-804E-9D2F5B6EFFB5} = {142CAE45-C57B-4D02-A222-FA96C6B554AB}
		{FD552E17-EE98-4ABD-A201-BB91EAEA368E} = {9D79FAB5-44FD-46E4-8ABE-3C3F99352369}
		{2AE649BC-C5D8-4034-807F-002A4F7F5FF1} = {FD552E17-EE98-4ABD-A201-BB91EAEA368E}
		{6A6FAC84-B8AA-449B-81BD-7B315DD3C099} = {2AE649BC-C5D8-4034-807F-002A4F7F5FF1}
		{BB1AA328-5ED7-4B51-ADB4-363B3BBDDAE9} = {9D79FAB5-44FD-46E4-8ABE-3C3F99352369}
		{8FF2AD5A-1637-470E-BA82-7E42604C3306} = {BB1AA328-5ED7-4B51-ADB4-363B3BBDDAE9}
		{79A601F5-7434-4535-9B7E-5E054F7E840B} = {8FF2AD5A-1637-470E-BA82-7E42604C3306}
		{9F2703D4-F6BF-48E3-BAD5-5C64CB268DC4} = {8FF2AD5A-1637-470E-BA82-7E42604C3306}
		{E06E0DDA-E0A9-4DDA-B76D-8511151D787F} = {8FF2AD5A-1637-470E-BA82-7E42604C3306}
		{3944B079-9961-4F12-A197-95B412D77420} = {8FF2AD5A-1637-470E-BA82-7E42604C3306}
		{688C5F82-BC62-449E-9107-AB1CF577E22C} = {8FF2AD5A-1637-470E-BA82-7E42604C3306}
		{28345252-6930-45CA-8306-9F73B5BEDCD3} = {8FF2AD5A-1637-470E-BA82-7E42604C3306}
		{8C906AE5-AC7F-4B93-9618-5E580E3A38BE} = {8FF2AD5A-1637-470E-BA82-7E42604C3306}
		{B8ABE8DB-34C3-4137-8C4E-1773866257F6} = {8FF2AD5A-1637-470E-BA82-7E42604C3306}
		{8707409C-BA5B-4528-BFB0-24D4CE293A34} = {BB1AA328-5ED7-4B51-ADB4-363B3BBDDAE9}
		{8AC6F76D-302D-4C6E-8442-FEA2E56AB330} = {8707409C-BA5B-4528-BFB0-24D4CE293A34}
		{8170C8FD-A014-42D9-9D15-077790D2FF71} = {BB1AA328-5ED7-4B51-ADB4-363B3BBDDAE9}
		{89185478-A1A0-4D67-A445-2F521814ACD6} = {8170C8FD-A014-42D9-9D15-077790D2FF71}
		{693E193F-C0EE-4EAB-BDDC-FAE5C9383807} = {8170C8FD-A014-42D9-9D15-077790D2FF71}
		{904589B0-7CAA-4C7E-A6E0-BC6EC71771CA} = {8170C8FD-A014-42D9-9D15-077790D2FF71}
		{AB0907B9-9A29-4CA3-948E-476595A066EE} = {BB1AA328-5ED7-4B51-ADB4-363B3BBDDAE9}
		{5E1546CA-4251-4D6F-A7F8-971D5A3F478C} = {AB0907B9-9A29-4CA3-948E-476595A066EE}
		{8BB02446-FDD9-454E-9D7B-28B3FDAD6E6E} = {AB0907B9-9A29-4CA3-948E-476595A066EE}
		{50944AF6-04DB-4395-9118-51E950E23BBF} = {9D79FAB5-44FD-46E4-8ABE-3C3F99352369}
		{7387883C-77C0-498F-9221-F6D33B5C949A} = {50944AF6-04DB-4395-9118-51E950E23BBF}
		{6F09867F-A2CC-41F3-A522-631D9AA82913} = {7387883C-77C0-498F-9221-F6D33B5C949A}
		{CB6CA8AD-B933-495B-B0B8-BC4F52E6ABF3} = {7387883C-77C0-498F-9221-F6D33B5C949A}
		{D884F812-F12B-432E-BB6C-31633BE4922C} = {7387883C-77C0-498F-9221-F6D33B5C949A}
		{B59F4D0C-D804-4068-98AB-055172D308D6} = {7387883C-77C0-498F-9221-F6D33B5C949A}
		{09B58295-117F-49AA-805E-9A8F38A90055} = {7387883C-77C0-498F-9221-F6D33B5C949A}
		{E386FFF6-3695-4FCE-9741-0FC112F39CC6} = {7387883C-77C0-498F-9221-F6D33B5C949A}
		{BF367AFF-4175-493B-86EF-761BD24951B2} = {50944AF6-04DB-4395-9118-51E950E23BBF}
		{96E13266-9E0C-415A-B132-76C6B1208FF4} = {BF367AFF-4175-493B-86EF-761BD24951B2}
	EndGlobalSection
	GlobalSection(ExtensibilityGlobals) = postSolution
		SolutionGuid = {A2773AE5-0DD2-44D2-AAF3-8589AC58D5C2}
	EndGlobalSection
EndGlobal